
Microsoft Visual Studio Solution File, Format Version 12.00
# Visual Studio Version 18
VisualStudioVersion = 18.4.11626.88 stable
MinimumVisualStudioVersion = 10.0.40219.1
Project("{2150E333-8FDC-42A3-9474-1A3956D46DE8}") = "src", "src", "{02EA681E-C7D8-13C7-8484-4AC65E1B71E8}"
EndProject
Project("{2150E333-8FDC-42A3-9474-1A3956D46DE8}") = "services", "services", "{01F0708C-BC63-4CE8-BDD6-FA16113E4386}"
EndProject
Project("{FAE04EC0-301F-11D3-BF4B-00C04F79EFBC}") = "Elevate.Auth", "src\services\Elevate.Auth\Elevate.Auth.csproj", "{3FFCB147-5B26-44BD-A4A2-836920C604A6}"
EndProject
Project("{FAE04EC0-301F-11D3-BF4B-00C04F79EFBC}") = "Elevate.Profile", "src\services\Elevate.Profile\Elevate.Profile.csproj", "{60FB542F-4ED2-4D04-BF38-CD38BF40EED5}"
EndProject
<<<<<<< HEAD
=======
Project("{FAE04EC0-301F-11D3-BF4B-00C04F79EFBC}") = "Elevate.FitnessCalculation", "src\services\FitnessCalculation\Elevate.FitnessCalculation.csproj", "{6C902DF4-5DE1-45FC-BFFC-4700930DE217}"
EndProject
>>>>>>> origin/main
Project("{FAE04EC0-301F-11D3-BF4B-00C04F79EFBC}") = "Elevate.Workout", "src\services\Elevate.Workout\Elevate.Workout.csproj", "{80194B18-E3BD-4B85-A625-3E9B14C8DF20}"
EndProject
Project("{FAE04EC0-301F-11D3-BF4B-00C04F79EFBC}") = "Elevate.Nutrition", "src\services\Elevate.Nutrition\Elevate.Nutrition.csproj", "{E38D29E6-02A5-4E0D-9F2C-E129E3479876}"
EndProject
Project("{FAE04EC0-301F-11D3-BF4B-00C04F79EFBC}") = "Elevate.Progress", "src\services\Elevate.Progress\Elevate.Progress.csproj", "{3372B163-3F78-4F0C-8158-35362D7A8727}"
EndProject
Project("{FAE04EC0-301F-11D3-BF4B-00C04F79EFBC}") = "Elevate.subscription", "src\services\Elevate.subscription\Elevate.subscription.csproj", "{3E59645D-0257-4542-972C-17E71A23C2A9}"
EndProject
Project("{FAE04EC0-301F-11D3-BF4B-00C04F79EFBC}") = "Elevate.Notifications", "src\services\Elevate.Notifications\Elevate.Notifications.csproj", "{CAB54BE0-0720-4064-946B-FD7C88927500}"
EndProject
Project("{FAE04EC0-301F-11D3-BF4B-00C04F79EFBC}") = "Elevate.smartCoach", "src\services\Elevate.smartCoach\Elevate.smartCoach.csproj", "{5A345F66-8A4F-4410-88DD-FC861CB9D29A}"
EndProject
Project("{2150E333-8FDC-42A3-9474-1A3956D46DE8}") = "Auth", "Auth", "{44248BE9-789C-4F44-A570-87CA3D342197}"
EndProject
Project("{2150E333-8FDC-42A3-9474-1A3956D46DE8}") = "Notifications", "Notifications", "{1CAF479A-7C02-4840-AD35-1CAB32686BF0}"
EndProject
Project("{2150E333-8FDC-42A3-9474-1A3956D46DE8}") = "Nutrition", "Nutrition", "{A0A04995-473A-4CAF-994C-5884FDC0E01F}"
EndProject
Project("{2150E333-8FDC-42A3-9474-1A3956D46DE8}") = "Profile", "Profile", "{938C262A-0665-4490-88D2-D5C306D3006E}"
EndProject
Project("{2150E333-8FDC-42A3-9474-1A3956D46DE8}") = "Progress", "Progress", "{3D3D5174-2582-4C81-9C12-1B6E3616EF61}"
EndProject
Project("{2150E333-8FDC-42A3-9474-1A3956D46DE8}") = "smartCoach", "smartCoach", "{26E8AB6D-2BE3-4356-AA23-C6604FC69A31}"
EndProject
Project("{2150E333-8FDC-42A3-9474-1A3956D46DE8}") = "subsriptions", "subsriptions", "{14858F89-A17D-46CC-B248-E0C2C81FA6F9}"
EndProject
Project("{2150E333-8FDC-42A3-9474-1A3956D46DE8}") = "Workout", "Workout", "{49424952-13A4-4472-BAAE-E44F4357585B}"
EndProject
<<<<<<< HEAD
Project("{2150E333-8FDC-42A3-9474-1A3956D46DE8}") = "FitnessCalculation", "FitnessCalculation", "{EB516B63-2282-470B-AECA-576F77666C29}"
EndProject
Project("{FAE04EC0-301F-11D3-BF4B-00C04F79EFBC}") = "FitnessCalculation", "src\services\FitnessCalculation\FitnessCalculation\FitnessCalculation.csproj", "{41CF575B-DBEF-4D01-AB6D-FD87E0AE0F85}"
=======
Project("{FAE04EC0-301F-11D3-BF4B-00C04F79EFBC}") = "SharedKernel", "SharedKernel\SharedKernel.csproj", "{175934E6-8ECE-48AF-BD74-BA80C53CD25F}"
>>>>>>> origin/main
EndProject
Global
	GlobalSection(SolutionConfigurationPlatforms) = preSolution
		Debug|Any CPU = Debug|Any CPU
		Release|Any CPU = Release|Any CPU
	EndGlobalSection
	GlobalSection(ProjectConfigurationPlatforms) = postSolution
		{3FFCB147-5B26-44BD-A4A2-836920C604A6}.Debug|Any CPU.ActiveCfg = Debug|Any CPU
		{3FFCB147-5B26-44BD-A4A2-836920C604A6}.Debug|Any CPU.Build.0 = Debug|Any CPU
		{3FFCB147-5B26-44BD-A4A2-836920C604A6}.Release|Any CPU.ActiveCfg = Release|Any CPU
		{3FFCB147-5B26-44BD-A4A2-836920C604A6}.Release|Any CPU.Build.0 = Release|Any CPU
		{60FB542F-4ED2-4D04-BF38-CD38BF40EED5}.Debug|Any CPU.ActiveCfg = Debug|Any CPU
		{60FB542F-4ED2-4D04-BF38-CD38BF40EED5}.Debug|Any CPU.Build.0 = Debug|Any CPU
		{60FB542F-4ED2-4D04-BF38-CD38BF40EED5}.Release|Any CPU.ActiveCfg = Release|Any CPU
		{60FB542F-4ED2-4D04-BF38-CD38BF40EED5}.Release|Any CPU.Build.0 = Release|Any CPU
		{80194B18-E3BD-4B85-A625-3E9B14C8DF20}.Debug|Any CPU.ActiveCfg = Debug|Any CPU
		{80194B18-E3BD-4B85-A625-3E9B14C8DF20}.Debug|Any CPU.Build.0 = Debug|Any CPU
		{80194B18-E3BD-4B85-A625-3E9B14C8DF20}.Release|Any CPU.ActiveCfg = Release|Any CPU
		{80194B18-E3BD-4B85-A625-3E9B14C8DF20}.Release|Any CPU.Build.0 = Release|Any CPU
		{E38D29E6-02A5-4E0D-9F2C-E129E3479876}.Debug|Any CPU.ActiveCfg = Debug|Any CPU
		{E38D29E6-02A5-4E0D-9F2C-E129E3479876}.Debug|Any CPU.Build.0 = Debug|Any CPU
		{E38D29E6-02A5-4E0D-9F2C-E129E3479876}.Release|Any CPU.ActiveCfg = Release|Any CPU
		{E38D29E6-02A5-4E0D-9F2C-E129E3479876}.Release|Any CPU.Build.0 = Release|Any CPU
		{3372B163-3F78-4F0C-8158-35362D7A8727}.Debug|Any CPU.ActiveCfg = Debug|Any CPU
		{3372B163-3F78-4F0C-8158-35362D7A8727}.Debug|Any CPU.Build.0 = Debug|Any CPU
		{3372B163-3F78-4F0C-8158-35362D7A8727}.Release|Any CPU.ActiveCfg = Release|Any CPU
		{3372B163-3F78-4F0C-8158-35362D7A8727}.Release|Any CPU.Build.0 = Release|Any CPU
		{3E59645D-0257-4542-972C-17E71A23C2A9}.Debug|Any CPU.ActiveCfg = Debug|Any CPU
		{3E59645D-0257-4542-972C-17E71A23C2A9}.Debug|Any CPU.Build.0 = Debug|Any CPU
		{3E59645D-0257-4542-972C-17E71A23C2A9}.Release|Any CPU.ActiveCfg = Release|Any CPU
		{3E59645D-0257-4542-972C-17E71A23C2A9}.Release|Any CPU.Build.0 = Release|Any CPU
		{CAB54BE0-0720-4064-946B-FD7C88927500}.Debug|Any CPU.ActiveCfg = Debug|Any CPU
		{CAB54BE0-0720-4064-946B-FD7C88927500}.Debug|Any CPU.Build.0 = Debug|Any CPU
		{CAB54BE0-0720-4064-946B-FD7C88927500}.Release|Any CPU.ActiveCfg = Release|Any CPU
		{CAB54BE0-0720-4064-946B-FD7C88927500}.Release|Any CPU.Build.0 = Release|Any CPU
		{5A345F66-8A4F-4410-88DD-FC861CB9D29A}.Debug|Any CPU.ActiveCfg = Debug|Any CPU
		{5A345F66-8A4F-4410-88DD-FC861CB9D29A}.Debug|Any CPU.Build.0 = Debug|Any CPU
		{5A345F66-8A4F-4410-88DD-FC861CB9D29A}.Release|Any CPU.ActiveCfg = Release|Any CPU
		{5A345F66-8A4F-4410-88DD-FC861CB9D29A}.Release|Any CPU.Build.0 = Release|Any CPU
<<<<<<< HEAD
		{41CF575B-DBEF-4D01-AB6D-FD87E0AE0F85}.Debug|Any CPU.ActiveCfg = Debug|Any CPU
		{41CF575B-DBEF-4D01-AB6D-FD87E0AE0F85}.Debug|Any CPU.Build.0 = Debug|Any CPU
		{41CF575B-DBEF-4D01-AB6D-FD87E0AE0F85}.Release|Any CPU.ActiveCfg = Release|Any CPU
		{41CF575B-DBEF-4D01-AB6D-FD87E0AE0F85}.Release|Any CPU.Build.0 = Release|Any CPU
=======
		{175934E6-8ECE-48AF-BD74-BA80C53CD25F}.Debug|Any CPU.ActiveCfg = Debug|Any CPU
		{175934E6-8ECE-48AF-BD74-BA80C53CD25F}.Debug|Any CPU.Build.0 = Debug|Any CPU
		{175934E6-8ECE-48AF-BD74-BA80C53CD25F}.Release|Any CPU.ActiveCfg = Release|Any CPU
		{175934E6-8ECE-48AF-BD74-BA80C53CD25F}.Release|Any CPU.Build.0 = Release|Any CPU
>>>>>>> origin/main
	EndGlobalSection
	GlobalSection(SolutionProperties) = preSolution
		HideSolutionNode = FALSE
	EndGlobalSection
	GlobalSection(NestedProjects) = preSolution
		{01F0708C-BC63-4CE8-BDD6-FA16113E4386} = {02EA681E-C7D8-13C7-8484-4AC65E1B71E8}
		{3FFCB147-5B26-44BD-A4A2-836920C604A6} = {44248BE9-789C-4F44-A570-87CA3D342197}
		{60FB542F-4ED2-4D04-BF38-CD38BF40EED5} = {938C262A-0665-4490-88D2-D5C306D3006E}
		{80194B18-E3BD-4B85-A625-3E9B14C8DF20} = {49424952-13A4-4472-BAAE-E44F4357585B}
		{E38D29E6-02A5-4E0D-9F2C-E129E3479876} = {A0A04995-473A-4CAF-994C-5884FDC0E01F}
		{3372B163-3F78-4F0C-8158-35362D7A8727} = {3D3D5174-2582-4C81-9C12-1B6E3616EF61}
		{3E59645D-0257-4542-972C-17E71A23C2A9} = {14858F89-A17D-46CC-B248-E0C2C81FA6F9}
		{CAB54BE0-0720-4064-946B-FD7C88927500} = {1CAF479A-7C02-4840-AD35-1CAB32686BF0}
		{5A345F66-8A4F-4410-88DD-FC861CB9D29A} = {26E8AB6D-2BE3-4356-AA23-C6604FC69A31}
		{44248BE9-789C-4F44-A570-87CA3D342197} = {01F0708C-BC63-4CE8-BDD6-FA16113E4386}
		{1CAF479A-7C02-4840-AD35-1CAB32686BF0} = {01F0708C-BC63-4CE8-BDD6-FA16113E4386}
		{A0A04995-473A-4CAF-994C-5884FDC0E01F} = {01F0708C-BC63-4CE8-BDD6-FA16113E4386}
		{938C262A-0665-4490-88D2-D5C306D3006E} = {01F0708C-BC63-4CE8-BDD6-FA16113E4386}
		{3D3D5174-2582-4C81-9C12-1B6E3616EF61} = {01F0708C-BC63-4CE8-BDD6-FA16113E4386}
		{26E8AB6D-2BE3-4356-AA23-C6604FC69A31} = {01F0708C-BC63-4CE8-BDD6-FA16113E4386}
		{14858F89-A17D-46CC-B248-E0C2C81FA6F9} = {01F0708C-BC63-4CE8-BDD6-FA16113E4386}
		{49424952-13A4-4472-BAAE-E44F4357585B} = {01F0708C-BC63-4CE8-BDD6-FA16113E4386}
<<<<<<< HEAD
		{EB516B63-2282-470B-AECA-576F77666C29} = {02EA681E-C7D8-13C7-8484-4AC65E1B71E8}
		{41CF575B-DBEF-4D01-AB6D-FD87E0AE0F85} = {EB516B63-2282-470B-AECA-576F77666C29}
=======
		{175934E6-8ECE-48AF-BD74-BA80C53CD25F} = {01F0708C-BC63-4CE8-BDD6-FA16113E4386}
>>>>>>> origin/main
	EndGlobalSection
	GlobalSection(ExtensibilityGlobals) = postSolution
		SolutionGuid = {45FBC76C-66CB-47BC-87EE-79A58506BBA5}
	EndGlobalSection
EndGlobal
